
Microsoft Visual Studio Solution File, Format Version 12.00
# Visual Studio Version 16
VisualStudioVersion = 16.0.32228.343
MinimumVisualStudioVersion = 10.0.40219.1
Project("{FAE04EC0-301F-11D3-BF4B-00C04F79EFBC}") = "AlkatreszRaktar", "AlkatreszRaktar\AlkatreszRaktar.csproj", "{C0C06206-DEC5-472F-8C2A-84B827E6F7CF}"
EndProject
Global
	GlobalSection(SolutionConfigurationPlatforms) = preSolution
		Debug|Any CPU = Debug|Any CPU
		Release|Any CPU = Release|Any CPU
	EndGlobalSection
	GlobalSection(ProjectConfigurationPlatforms) = postSolution
		{C0C06206-DEC5-472F-8C2A-84B827E6F7CF}.Debug|Any CPU.ActiveCfg = Debug|Any CPU
		{C0C06206-DEC5-472F-8C2A-84B827E6F7CF}.Debug|Any CPU.Build.0 = Debug|Any CPU
		{C0C06206-DEC5-472F-8C2A-84B827E6F7CF}.Release|Any CPU.ActiveCfg = Release|Any CPU
		{C0C06206-DEC5-472F-8C2A-84B827E6F7CF}.Release|Any CPU.Build.0 = Release|Any CPU
	EndGlobalSection
	GlobalSection(SolutionProperties) = preSolution
		HideSolutionNode = FALSE
	EndGlobalSection
	GlobalSection(ExtensibilityGlobals) = postSolution
		SolutionGuid = {3D00C1E4-6C25-47FD-9F48-F48737B20B0E}
	EndGlobalSection
EndGlobal
